
Microsoft Visual Studio Solution File, Format Version 12.00
# Visual Studio 15
VisualStudioVersion = 15.0.27004.2009
MinimumVisualStudioVersion = 10.0.40219.1
Project("{FAE04EC0-301F-11D3-BF4B-00C04F79EFBC}") = "StockPriceWinodw", "StockPriceWinodw\StockPriceWinodw.csproj", "{B7EBF475-540F-42AB-A568-DFECC3115A96}"
EndProject
Project("{FAE04EC0-301F-11D3-BF4B-00C04F79EFBC}") = "BL", "BL\BL.csproj", "{B35CC29B-8C55-4F01-85D9-508F651FF671}"
EndProject
Project("{FAE04EC0-301F-11D3-BF4B-00C04F79EFBC}") = "BE", "BE\BE.csproj", "{17EF272C-525A-4593-9EF4-CC9844529611}"
EndProject
Project("{FAE04EC0-301F-11D3-BF4B-00C04F79EFBC}") = "DL", "DL\DL.csproj", "{A2AD9E56-3AD0-4E74-B18C-09C3FE073831}"
EndProject
Global
	GlobalSection(SolutionConfigurationPlatforms) = preSolution
		Debug|Any CPU = Debug|Any CPU
		Release|Any CPU = Release|Any CPU
	EndGlobalSection
	GlobalSection(ProjectConfigurationPlatforms) = postSolution
		{B7EBF475-540F-42AB-A568-DFECC3115A96}.Debug|Any CPU.ActiveCfg = Debug|Any CPU
		{B7EBF475-540F-42AB-A568-DFECC3115A96}.Debug|Any CPU.Build.0 = Debug|Any CPU
		{B7EBF475-540F-42AB-A568-DFECC3115A96}.Release|Any CPU.ActiveCfg = Release|Any CPU
		{B7EBF475-540F-42AB-A568-DFECC3115A96}.Release|Any CPU.Build.0 = Release|Any CPU
		{B35CC29B-8C55-4F01-85D9-508F651FF671}.Debug|Any CPU.ActiveCfg = Debug|Any CPU
		{B35CC29B-8C55-4F01-85D9-508F651FF671}.Debug|Any CPU.Build.0 = Debug|Any CPU
		{B35CC29B-8C55-4F01-85D9-508F651FF671}.Release|Any CPU.ActiveCfg = Release|Any CPU
		{B35CC29B-8C55-4F01-85D9-508F651FF671}.Release|Any CPU.Build.0 = Release|Any CPU
		{17EF272C-525A-4593-9EF4-CC9844529611}.Debug|Any CPU.ActiveCfg = Debug|Any CPU
		{17EF272C-525A-4593-9EF4-CC9844529611}.Debug|Any CPU.Build.0 = Debug|Any CPU
		{17EF272C-525A-4593-9EF4-CC9844529611}.Release|Any CPU.ActiveCfg = Release|Any CPU
		{17EF272C-525A-4593-9EF4-CC9844529611}.Release|Any CPU.Build.0 = Release|Any CPU
		{A2AD9E56-3AD0-4E74-B18C-09C3FE073831}.Debug|Any CPU.ActiveCfg = Debug|Any CPU
		{A2AD9E56-3AD0-4E74-B18C-09C3FE073831}.Debug|Any CPU.Build.0 = Debug|Any CPU
		{A2AD9E56-3AD0-4E74-B18C-09C3FE073831}.Release|Any CPU.ActiveCfg = Release|Any CPU
		{A2AD9E56-3AD0-4E74-B18C-09C3FE073831}.Release|Any CPU.Build.0 = Release|Any CPU
	EndGlobalSection
	GlobalSection(SolutionProperties) = preSolution
		HideSolutionNode = FALSE
	EndGlobalSection
	GlobalSection(ExtensibilityGlobals) = postSolution
		SolutionGuid = {4718DEF9-884F-4FAA-8344-6EC5180DBB4A}
	EndGlobalSection
EndGlobal
